
Microsoft Visual Studio Solution File, Format Version 12.00
# Visual Studio Version 17
VisualStudioVersion = 17.4.33122.133
MinimumVisualStudioVersion = 10.0.40219.1
Project("{FAE04EC0-301F-11D3-BF4B-00C04F79EFBC}") = "QuanLyTrungTamNgoaiNgu", "QuanlyDiemHV\QuanLyTrungTamNgoaiNgu\QuanLyTrungTamNgoaiNgu\QuanLyTrungTamNgoaiNgu.csproj", "{20E98A25-E25C-43DF-A4FC-94B8F594A389}"
EndProject
Global
	GlobalSection(SolutionConfigurationPlatforms) = preSolution
		Debug|Any CPU = Debug|Any CPU
		Release|Any CPU = Release|Any CPU
	EndGlobalSection
	GlobalSection(ProjectConfigurationPlatforms) = postSolution
		{20E98A25-E25C-43DF-A4FC-94B8F594A389}.Debug|Any CPU.ActiveCfg = Debug|Any CPU
		{20E98A25-E25C-43DF-A4FC-94B8F594A389}.Debug|Any CPU.Build.0 = Debug|Any CPU
		{20E98A25-E25C-43DF-A4FC-94B8F594A389}.Release|Any CPU.ActiveCfg = Release|Any CPU
		{20E98A25-E25C-43DF-A4FC-94B8F594A389}.Release|Any CPU.Build.0 = Release|Any CPU
	EndGlobalSection
	GlobalSection(SolutionProperties) = preSolution
		HideSolutionNode = FALSE
	EndGlobalSection
	GlobalSection(ExtensibilityGlobals) = postSolution
		SolutionGuid = {C3AB13F1-5422-48F1-BE0D-43DE68D476DC}
	EndGlobalSection
EndGlobal
